
Microsoft Visual Studio Solution File, Format Version 12.00
# Visual Studio 15
VisualStudioVersion = 15.0.27130.0
MinimumVisualStudioVersion = 10.0.40219.1
Project("{FAE04EC0-301F-11D3-BF4B-00C04F79EFBC}") = "SwimSharp", "SwimSharp\SwimSharp.csproj", "{A61D2FD9-7043-4B27-9AA8-979632B52D14}"
EndProject
Global
	GlobalSection(SolutionConfigurationPlatforms) = preSolution
		Debug|Any CPU = Debug|Any CPU
		Release|Any CPU = Release|Any CPU
	EndGlobalSection
	GlobalSection(ProjectConfigurationPlatforms) = postSolution
		{A61D2FD9-7043-4B27-9AA8-979632B52D14}.Debug|Any CPU.ActiveCfg = Debug|Any CPU
		{A61D2FD9-7043-4B27-9AA8-979632B52D14}.Debug|Any CPU.Build.0 = Debug|Any CPU
		{A61D2FD9-7043-4B27-9AA8-979632B52D14}.Release|Any CPU.ActiveCfg = Release|Any CPU
		{A61D2FD9-7043-4B27-9AA8-979632B52D14}.Release|Any CPU.Build.0 = Release|Any CPU
	EndGlobalSection
	GlobalSection(SolutionProperties) = preSolution
		HideSolutionNode = FALSE
	EndGlobalSection
	GlobalSection(ExtensibilityGlobals) = postSolution
		SolutionGuid = {4DB3AE9B-8CA5-4A7E-AE2F-9282B35B5501}
	EndGlobalSection
EndGlobal
